
Microsoft Visual Studio Solution File, Format Version 12.00
# Visual Studio Version 16
VisualStudioVersion = 16.0.29613.14
MinimumVisualStudioVersion = 10.0.40219.1
Project("{FAE04EC0-301F-11D3-BF4B-00C04F79EFBC}") = "Wpf_ПР№2_Писарев_Морозов_", "Wpf_ПР№2_Писарев_Морозов_\Wpf_ПР№2_Писарев_Морозов_.csproj", "{5C0F23EC-9575-4036-8301-767FCA83430A}"
EndProject
Global
	GlobalSection(SolutionConfigurationPlatforms) = preSolution
		Debug|Any CPU = Debug|Any CPU
		Release|Any CPU = Release|Any CPU
	EndGlobalSection
	GlobalSection(ProjectConfigurationPlatforms) = postSolution
		{5C0F23EC-9575-4036-8301-767FCA83430A}.Debug|Any CPU.ActiveCfg = Debug|Any CPU
		{5C0F23EC-9575-4036-8301-767FCA83430A}.Debug|Any CPU.Build.0 = Debug|Any CPU
		{5C0F23EC-9575-4036-8301-767FCA83430A}.Release|Any CPU.ActiveCfg = Release|Any CPU
		{5C0F23EC-9575-4036-8301-767FCA83430A}.Release|Any CPU.Build.0 = Release|Any CPU
	EndGlobalSection
	GlobalSection(SolutionProperties) = preSolution
		HideSolutionNode = FALSE
	EndGlobalSection
	GlobalSection(ExtensibilityGlobals) = postSolution
		SolutionGuid = {036A75C4-C0C5-4FBF-A9EE-C1D3E298AFAD}
	EndGlobalSection
EndGlobal
